
Microsoft Visual Studio Solution File, Format Version 12.00
# Visual Studio Version 16
VisualStudioVersion = 16.0.29709.97
MinimumVisualStudioVersion = 10.0.40219.1
Project("{FAE04EC0-301F-11D3-BF4B-00C04F79EFBC}") = "Kolokvium_nr2", "Kolokvium_nr2\Kolokvium_nr2.csproj", "{533E4253-2711-4338-B0F7-E3E20D277000}"
EndProject
Global
	GlobalSection(SolutionConfigurationPlatforms) = preSolution
		Debug|Any CPU = Debug|Any CPU
		Release|Any CPU = Release|Any CPU
	EndGlobalSection
	GlobalSection(ProjectConfigurationPlatforms) = postSolution
		{533E4253-2711-4338-B0F7-E3E20D277000}.Debug|Any CPU.ActiveCfg = Debug|Any CPU
		{533E4253-2711-4338-B0F7-E3E20D277000}.Debug|Any CPU.Build.0 = Debug|Any CPU
		{533E4253-2711-4338-B0F7-E3E20D277000}.Release|Any CPU.ActiveCfg = Release|Any CPU
		{533E4253-2711-4338-B0F7-E3E20D277000}.Release|Any CPU.Build.0 = Release|Any CPU
	EndGlobalSection
	GlobalSection(SolutionProperties) = preSolution
		HideSolutionNode = FALSE
	EndGlobalSection
	GlobalSection(ExtensibilityGlobals) = postSolution
		SolutionGuid = {C1B94BD7-0C19-4E0C-AE3C-C71E30437EB2}
	EndGlobalSection
EndGlobal
